{
  "version": 4,
  "terraform_version": "1.9.8",
  "serial": 76,
  "lineage": "11f1a89b-b89f-4115-df2b-47ca250cd31b",
  "outputs": {},
  "resources": [
    {
      "mode": "data",
      "type": "digitalocean_ssh_key",
      "name": "terraform",
      "provider": "provider[\"registry.terraform.io/digitalocean/digitalocean\"]",
      "instances": [
        {
          "schema_version": 0,
          "attributes": {
            "fingerprint": "8b:f7:7e:c5:c3:1b:5b:82:b3:f9:13:a1:c6:56:94:8d",
            "id": 44175291,
            "name": "ansible",
            "public_key": "ssh-ed25519 AAAAC3NzaC1lZDI1NTE5AAAAIL7nlsG5g6AoZBf+D5Qz55f81Af+VtQTXMSCI5sF34Zx root@ansible"
          },
          "sensitive_attributes": []
        }
      ]
    },
    {
      "mode": "managed",
      "type": "digitalocean_droplet",
      "name": "www-1",
      "provider": "provider[\"registry.terraform.io/digitalocean/digitalocean\"]",
      "instances": [
        {
          "schema_version": 1,
          "attributes": {
            "backup_policy": [],
            "backups": false,
            "created_at": "2024-11-25T18:30:32Z",
            "disk": 80,
            "droplet_agent": null,
            "graceful_shutdown": false,
            "id": "459877364",
            "image": "ubuntu-24-10-x64",
            "ipv4_address": "159.89.187.153",
            "ipv4_address_private": "10.108.0.2",
            "ipv6": false,
            "ipv6_address": "",
            "locked": false,
            "memory": 4096,
            "monitoring": false,
            "name": "www-1",
            "price_hourly": 0.03571,
            "price_monthly": 24,
            "private_networking": true,
            "region": "nyc3",
            "resize_disk": true,
            "size": "s-2vcpu-4gb",
            "ssh_keys": [
              "44175291"
            ],
            "status": "active",
            "tags": null,
            "timeouts": null,
            "urn": "do:droplet:459877364",
            "user_data": null,
            "vcpus": 2,
            "volume_ids": [],
            "vpc_uuid": "d7926ea2-be4a-4a04-8a66-7eddf224f36f"
          },
          "sensitive_attributes": [],
          "private": "eyJlMmJmYjczMC1lY2FhLTExZTYtOGY4OC0zNDM2M2JjN2M0YzAiOnsiY3JlYXRlIjozNjAwMDAwMDAwMDAwLCJkZWxldGUiOjYwMDAwMDAwMDAwLCJ1cGRhdGUiOjM2MDAwMDAwMDAwMDB9LCJzY2hlbWFfdmVyc2lvbiI6IjEifQ==",
          "dependencies": [
            "data.digitalocean_ssh_key.terraform"
          ]
        }
      ]
    }
  ],
  "check_results": null
}
